
Microsoft Visual Studio Solution File, Format Version 12.00
# Visual Studio Version 16
VisualStudioVersion = 25.0.1704.0
MinimumVisualStudioVersion = 10.0.40219.1
Project("{FAE04EC0-301F-11D3-BF4B-00C04F79EFBC}") = "Day 5 - Supply Stacks", "Day 5 - Supply Stacks.csproj", "{E1EE1792-2801-44D7-82D8-F09FACDDBE81}"
EndProject
Global
	GlobalSection(SolutionConfigurationPlatforms) = preSolution
		Debug|Any CPU = Debug|Any CPU
		Release|Any CPU = Release|Any CPU
	EndGlobalSection
	GlobalSection(ProjectConfigurationPlatforms) = postSolution
		{E1EE1792-2801-44D7-82D8-F09FACDDBE81}.Debug|Any CPU.ActiveCfg = Debug|Any CPU
		{E1EE1792-2801-44D7-82D8-F09FACDDBE81}.Debug|Any CPU.Build.0 = Debug|Any CPU
		{E1EE1792-2801-44D7-82D8-F09FACDDBE81}.Release|Any CPU.ActiveCfg = Release|Any CPU
		{E1EE1792-2801-44D7-82D8-F09FACDDBE81}.Release|Any CPU.Build.0 = Release|Any CPU
	EndGlobalSection
	GlobalSection(SolutionProperties) = preSolution
		HideSolutionNode = FALSE
	EndGlobalSection
	GlobalSection(ExtensibilityGlobals) = postSolution
		SolutionGuid = {0442A891-A253-4DF1-BFFB-69D82A134CB6}
	EndGlobalSection
EndGlobal
