
Microsoft Visual Studio Solution File, Format Version 12.00
# Visual Studio Version 16
VisualStudioVersion = 25.0.1704.0
MinimumVisualStudioVersion = 10.0.40219.1
Project("{FAE04EC0-301F-11D3-BF4B-00C04F79EFBC}") = "Day 6 - Tuning Trouble", "Day 6 - Tuning Trouble.csproj", "{4F09726E-A95A-431D-81C8-3C7C00E87E97}"
EndProject
Global
	GlobalSection(SolutionConfigurationPlatforms) = preSolution
		Debug|Any CPU = Debug|Any CPU
		Release|Any CPU = Release|Any CPU
	EndGlobalSection
	GlobalSection(ProjectConfigurationPlatforms) = postSolution
		{4F09726E-A95A-431D-81C8-3C7C00E87E97}.Debug|Any CPU.ActiveCfg = Debug|Any CPU
		{4F09726E-A95A-431D-81C8-3C7C00E87E97}.Debug|Any CPU.Build.0 = Debug|Any CPU
		{4F09726E-A95A-431D-81C8-3C7C00E87E97}.Release|Any CPU.ActiveCfg = Release|Any CPU
		{4F09726E-A95A-431D-81C8-3C7C00E87E97}.Release|Any CPU.Build.0 = Release|Any CPU
	EndGlobalSection
	GlobalSection(SolutionProperties) = preSolution
		HideSolutionNode = FALSE
	EndGlobalSection
	GlobalSection(ExtensibilityGlobals) = postSolution
		SolutionGuid = {B85527E7-300F-4B69-B3B2-4B41684474F5}
	EndGlobalSection
EndGlobal
