
Microsoft Visual Studio Solution File, Format Version 12.00
# Visual Studio Version 16
VisualStudioVersion = 25.0.1704.0
MinimumVisualStudioVersion = 10.0.40219.1
Project("{FAE04EC0-301F-11D3-BF4B-00C04F79EFBC}") = "Day 1 - Calorie Counting", "Day 1 - Calorie Counting.csproj", "{586C4659-DADF-444F-9662-5EDB5FEC44FC}"
EndProject
Global
	GlobalSection(SolutionConfigurationPlatforms) = preSolution
		Debug|Any CPU = Debug|Any CPU
		Release|Any CPU = Release|Any CPU
	EndGlobalSection
	GlobalSection(ProjectConfigurationPlatforms) = postSolution
		{586C4659-DADF-444F-9662-5EDB5FEC44FC}.Debug|Any CPU.ActiveCfg = Debug|Any CPU
		{586C4659-DADF-444F-9662-5EDB5FEC44FC}.Debug|Any CPU.Build.0 = Debug|Any CPU
		{586C4659-DADF-444F-9662-5EDB5FEC44FC}.Release|Any CPU.ActiveCfg = Release|Any CPU
		{586C4659-DADF-444F-9662-5EDB5FEC44FC}.Release|Any CPU.Build.0 = Release|Any CPU
	EndGlobalSection
	GlobalSection(SolutionProperties) = preSolution
		HideSolutionNode = FALSE
	EndGlobalSection
	GlobalSection(ExtensibilityGlobals) = postSolution
		SolutionGuid = {C082ADA1-DC02-4816-999D-9EA239B9FB3C}
	EndGlobalSection
EndGlobal
