
Microsoft Visual Studio Solution File, Format Version 12.00
# Visual Studio Version 16
VisualStudioVersion = 25.0.1704.0
MinimumVisualStudioVersion = 10.0.40219.1
Project("{FAE04EC0-301F-11D3-BF4B-00C04F79EFBC}") = "Day 11 - Monkey in the Middle", "Day 11 - Monkey in the Middle.csproj", "{0D08212C-7CED-405C-A68F-3892DBE72EC4}"
EndProject
Global
	GlobalSection(SolutionConfigurationPlatforms) = preSolution
		Debug|Any CPU = Debug|Any CPU
		Release|Any CPU = Release|Any CPU
	EndGlobalSection
	GlobalSection(ProjectConfigurationPlatforms) = postSolution
		{0D08212C-7CED-405C-A68F-3892DBE72EC4}.Debug|Any CPU.ActiveCfg = Debug|Any CPU
		{0D08212C-7CED-405C-A68F-3892DBE72EC4}.Debug|Any CPU.Build.0 = Debug|Any CPU
		{0D08212C-7CED-405C-A68F-3892DBE72EC4}.Release|Any CPU.ActiveCfg = Release|Any CPU
		{0D08212C-7CED-405C-A68F-3892DBE72EC4}.Release|Any CPU.Build.0 = Release|Any CPU
	EndGlobalSection
	GlobalSection(SolutionProperties) = preSolution
		HideSolutionNode = FALSE
	EndGlobalSection
	GlobalSection(ExtensibilityGlobals) = postSolution
		SolutionGuid = {49C10153-191E-4C35-9D0B-9C44A0D23339}
	EndGlobalSection
EndGlobal
